
Microsoft Visual Studio Solution File, Format Version 12.00
# Visual Studio 15
VisualStudioVersion = 15.0.27130.2027
MinimumVisualStudioVersion = 10.0.40219.1
Project("{FAE04EC0-301F-11D3-BF4B-00C04F79EFBC}") = "UsingWebApi", "UsingWebApi\UsingWebApi.csproj", "{6B8D1475-DB06-4111-91CF-8CA17F0CABC7}"
EndProject
Global
	GlobalSection(SolutionConfigurationPlatforms) = preSolution
		Debug|Any CPU = Debug|Any CPU
		Release|Any CPU = Release|Any CPU
	EndGlobalSection
	GlobalSection(ProjectConfigurationPlatforms) = postSolution
		{6B8D1475-DB06-4111-91CF-8CA17F0CABC7}.Debug|Any CPU.ActiveCfg = Debug|Any CPU
		{6B8D1475-DB06-4111-91CF-8CA17F0CABC7}.Debug|Any CPU.Build.0 = Debug|Any CPU
		{6B8D1475-DB06-4111-91CF-8CA17F0CABC7}.Release|Any CPU.ActiveCfg = Release|Any CPU
		{6B8D1475-DB06-4111-91CF-8CA17F0CABC7}.Release|Any CPU.Build.0 = Release|Any CPU
	EndGlobalSection
	GlobalSection(SolutionProperties) = preSolution
		HideSolutionNode = FALSE
	EndGlobalSection
	GlobalSection(ExtensibilityGlobals) = postSolution
		SolutionGuid = {5E918A83-115C-42A4-B8D8-7AB4D6E06C88}
	EndGlobalSection
EndGlobal
